
Microsoft Visual Studio Solution File, Format Version 12.00
# Visual Studio Version 17
VisualStudioVersion = 17.14.36109.1 d17.14
MinimumVisualStudioVersion = 10.0.40219.1
Project("{888888A0-9F3D-457C-B088-3A5042F75D52}") = "RoboApp", "RoboApp\RoboApp.pyproj", "{82987BB2-2558-43F7-9F1E-CB6CBDD15BF0}"
EndProject
Global
	GlobalSection(SolutionConfigurationPlatforms) = preSolution
		Debug|Any CPU = Debug|Any CPU
		Release|Any CPU = Release|Any CPU
	EndGlobalSection
	GlobalSection(ProjectConfigurationPlatforms) = postSolution
		{82987BB2-2558-43F7-9F1E-CB6CBDD15BF0}.Debug|Any CPU.ActiveCfg = Debug|Any CPU
		{82987BB2-2558-43F7-9F1E-CB6CBDD15BF0}.Release|Any CPU.ActiveCfg = Release|Any CPU
	EndGlobalSection
	GlobalSection(SolutionProperties) = preSolution
		HideSolutionNode = FALSE
	EndGlobalSection
	GlobalSection(ExtensibilityGlobals) = postSolution
		SolutionGuid = {47A38F0A-096C-423E-81EC-C1F79A89B47C}
	EndGlobalSection
EndGlobal
